{
  "name": "shosu",
  "lockfileVersion": 3,
  "requires": true,
  "packages": {
    "": {
      "name": "shosu",
      "dependencies": {
        "protocol-registry": "^1.4.1",
        "regedit": "^5.1.3",
        "shosu": "file:",
        "tslog": "^4.9.3"
      },
      "devDependencies": {
        "@types/bun": "latest"
      },
      "peerDependencies": {
        "typescript": "^5.0.0"
      }
    },
    "node_modules/@hapi/hoek": {
      "version": "9.3.0",
      "license": "BSD-3-Clause"
    },
    "node_modules/@hapi/topo": {
      "version": "5.1.0",
      "license": "BSD-3-Clause",
      "dependencies": {
        "@hapi/hoek": "^9.0.0"
      }
    },
    "node_modules/@sideway/address": {
      "version": "4.1.5",
      "license": "BSD-3-Clause",
      "dependencies": {
        "@hapi/hoek": "^9.0.0"
      }
    },
    "node_modules/@sideway/formula": {
      "version": "3.0.1",
      "license": "BSD-3-Clause"
    },
    "node_modules/@sideway/pinpoint": {
      "version": "2.0.0",
      "license": "BSD-3-Clause"
    },
    "node_modules/@types/bun": {
      "version": "1.1.8",
      "resolved": "https://registry.npmjs.org/@types/bun/-/bun-1.1.8.tgz",
      "integrity": "sha512-PIwVFQKPviksiibobyvcWtMvMFMTj91T8dQEh9l1P3Ypr3ZuVn9w7HSr+5mTNrPqD1xpdDLEErzZPU8gqHBu6g==",
      "dev": true,
      "dependencies": {
        "bun-types": "1.1.26"
      }
    },
    "node_modules/@types/node": {
      "version": "20.12.14",
      "dev": true,
      "license": "MIT",
      "dependencies": {
        "undici-types": "~5.26.4"
      }
    },
    "node_modules/@types/ws": {
      "version": "8.5.12",
      "dev": true,
      "license": "MIT",
      "dependencies": {
        "@types/node": "*"
      }
    },
    "node_modules/@xmldom/xmldom": {
      "version": "0.8.10",
      "license": "MIT",
      "engines": {
        "node": ">=10.0.0"
      }
    },
    "node_modules/ansi-styles": {
      "version": "4.3.0",
      "license": "MIT",
      "dependencies": {
        "color-convert": "^2.0.1"
      },
      "engines": {
        "node": ">=8"
      },
      "funding": {
        "url": "https://github.com/chalk/ansi-styles?sponsor=1"
      }
    },
    "node_modules/async": {
      "version": "3.2.6",
      "license": "MIT"
    },
    "node_modules/balanced-match": {
      "version": "1.0.2",
      "license": "MIT"
    },
    "node_modules/base64-js": {
      "version": "1.5.1",
      "funding": [
        {
          "type": "github",
          "url": "https://github.com/sponsors/feross"
        },
        {
          "type": "patreon",
          "url": "https://www.patreon.com/feross"
        },
        {
          "type": "consulting",
          "url": "https://feross.org/support"
        }
      ],
      "license": "MIT"
    },
    "node_modules/brace-expansion": {
      "version": "1.1.11",
      "license": "MIT",
      "dependencies": {
        "balanced-match": "^1.0.0",
        "concat-map": "0.0.1"
      }
    },
    "node_modules/bun-types": {
      "version": "1.1.26",
      "dev": true,
      "license": "MIT",
      "dependencies": {
        "@types/node": "~20.12.8",
        "@types/ws": "~8.5.10"
      }
    },
    "node_modules/chalk": {
      "version": "4.1.2",
      "license": "MIT",
      "dependencies": {
        "ansi-styles": "^4.1.0",
        "supports-color": "^7.1.0"
      },
      "engines": {
        "node": ">=10"
      },
      "funding": {
        "url": "https://github.com/chalk/chalk?sponsor=1"
      }
    },
    "node_modules/color-convert": {
      "version": "2.0.1",
      "license": "MIT",
      "dependencies": {
        "color-name": "~1.1.4"
      },
      "engines": {
        "node": ">=7.0.0"
      }
    },
    "node_modules/color-name": {
      "version": "1.1.4",
      "license": "MIT"
    },
    "node_modules/concat-map": {
      "version": "0.0.1",
      "license": "MIT"
    },
    "node_modules/core-util-is": {
      "version": "1.0.3",
      "license": "MIT"
    },
    "node_modules/debug": {
      "version": "4.3.6",
      "license": "MIT",
      "dependencies": {
        "ms": "2.1.2"
      },
      "engines": {
        "node": ">=6.0"
      },
      "peerDependenciesMeta": {
        "supports-color": {
          "optional": true
        }
      }
    },
    "node_modules/ejs": {
      "version": "3.1.10",
      "license": "Apache-2.0",
      "dependencies": {
        "jake": "^10.8.5"
      },
      "bin": {
        "ejs": "bin/cli.js"
      },
      "engines": {
        "node": ">=0.10.0"
      }
    },
    "node_modules/filelist": {
      "version": "1.0.4",
      "license": "Apache-2.0",
      "dependencies": {
        "minimatch": "^5.0.1"
      }
    },
    "node_modules/filelist/node_modules/minimatch": {
      "version": "5.1.6",
      "license": "ISC",
      "dependencies": {
        "brace-expansion": "^2.0.1"
      },
      "engines": {
        "node": ">=10"
      }
    },
    "node_modules/filelist/node_modules/minimatch/node_modules/brace-expansion": {
      "version": "2.0.1",
      "license": "MIT",
      "dependencies": {
        "balanced-match": "^1.0.0"
      }
    },
    "node_modules/has-flag": {
      "version": "4.0.0",
      "license": "MIT",
      "engines": {
        "node": ">=8"
      }
    },
    "node_modules/if-async": {
      "version": "3.7.4",
      "license": "MIT"
    },
    "node_modules/inherits": {
      "version": "2.0.4",
      "license": "ISC"
    },
    "node_modules/is-docker": {
      "version": "2.2.1",
      "license": "MIT",
      "bin": {
        "is-docker": "cli.js"
      },
      "engines": {
        "node": ">=8"
      },
      "funding": {
        "url": "https://github.com/sponsors/sindresorhus"
      }
    },
    "node_modules/is-wsl": {
      "version": "2.2.0",
      "license": "MIT",
      "dependencies": {
        "is-docker": "^2.0.0"
      },
      "engines": {
        "node": ">=8"
      }
    },
    "node_modules/isarray": {
      "version": "0.0.1",
      "license": "MIT"
    },
    "node_modules/jake": {
      "version": "10.9.2",
      "license": "Apache-2.0",
      "dependencies": {
        "async": "^3.2.3",
        "chalk": "^4.0.2",
        "filelist": "^1.0.4",
        "minimatch": "^3.1.2"
      },
      "bin": {
        "jake": "bin/cli.js"
      },
      "engines": {
        "node": ">=10"
      }
    },
    "node_modules/joi": {
      "version": "17.13.3",
      "license": "BSD-3-Clause",
      "dependencies": {
        "@hapi/hoek": "^9.3.0",
        "@hapi/topo": "^5.1.0",
        "@sideway/address": "^4.1.5",
        "@sideway/formula": "^3.0.1",
        "@sideway/pinpoint": "^2.0.0"
      }
    },
    "node_modules/minimatch": {
      "version": "3.1.2",
      "license": "ISC",
      "dependencies": {
        "brace-expansion": "^1.1.7"
      },
      "engines": {
        "node": "*"
      }
    },
    "node_modules/ms": {
      "version": "2.1.2",
      "license": "MIT"
    },
    "node_modules/plist": {
      "version": "3.1.0",
      "license": "MIT",
      "dependencies": {
        "@xmldom/xmldom": "^0.8.8",
        "base64-js": "^1.5.1",
        "xmlbuilder": "^15.1.1"
      },
      "engines": {
        "node": ">=10.4.0"
      }
    },
    "node_modules/protocol-registry": {
      "version": "1.4.1",
      "hasInstallScript": true,
      "license": "MIT",
      "dependencies": {
        "ejs": "^3.1.8",
        "is-wsl": "^2.2.0",
        "joi": "^17.9.1",
        "plist": "^3.1.0",
        "winreg": "^1.2.4"
      },
      "engines": {
        "node": ">=10.0.0"
      }
    },
    "node_modules/readable-stream": {
      "version": "1.0.34",
      "license": "MIT",
      "dependencies": {
        "core-util-is": "~1.0.0",
        "inherits": "~2.0.1",
        "isarray": "0.0.1",
        "string_decoder": "~0.10.x"
      }
    },
    "node_modules/regedit": {
      "version": "5.1.3",
      "license": "MIT",
      "dependencies": {
        "debug": "^4.1.0",
        "if-async": "^3.7.4",
        "stream-slicer": "0.0.6",
        "through2": "^0.6.3"
      }
    },
    "node_modules/shosu": {
      "resolved": "",
      "link": true
    },
    "node_modules/stream-slicer": {
      "version": "0.0.6",
      "license": "MIT"
    },
    "node_modules/string_decoder": {
      "version": "0.10.31",
      "license": "MIT"
    },
    "node_modules/supports-color": {
      "version": "7.2.0",
      "license": "MIT",
      "dependencies": {
        "has-flag": "^4.0.0"
      },
      "engines": {
        "node": ">=8"
      }
    },
    "node_modules/through2": {
      "version": "0.6.5",
      "license": "MIT",
      "dependencies": {
        "readable-stream": ">=1.0.33-1 <1.1.0-0",
        "xtend": ">=4.0.0 <4.1.0-0"
      }
    },
    "node_modules/tslog": {
      "version": "4.9.3",
      "license": "MIT",
      "engines": {
        "node": ">=16"
      },
      "funding": {
        "url": "https://github.com/fullstack-build/tslog?sponsor=1"
      }
    },
    "node_modules/typescript": {
      "version": "5.5.4",
      "license": "Apache-2.0",
      "peer": true,
      "bin": {
        "tsc": "bin/tsc",
        "tsserver": "bin/tsserver"
      },
      "engines": {
        "node": ">=14.17"
      }
    },
    "node_modules/undici-types": {
      "version": "5.26.5",
      "dev": true,
      "license": "MIT"
    },
    "node_modules/winreg": {
      "version": "1.2.5",
      "license": "BSD-2-Clause"
    },
    "node_modules/xmlbuilder": {
      "version": "15.1.1",
      "license": "MIT",
      "engines": {
        "node": ">=8.0"
      }
    },
    "node_modules/xtend": {
      "version": "4.0.2",
      "license": "MIT",
      "engines": {
        "node": ">=0.4"
      }
    }
  }
}
